
Microsoft Visual Studio Solution File, Format Version 12.00
# Visual Studio Version 17
VisualStudioVersion = 17.3.32825.248
MinimumVisualStudioVersion = 10.0.40219.1
Project("{FAE04EC0-301F-11D3-BF4B-00C04F79EFBC}") = "FileSaver", "FileSaver\FileSaver.csproj", "{29AC6B28-E2C5-4FC3-86D4-BF70D4BC6020}"
EndProject
Project("{FAE04EC0-301F-11D3-BF4B-00C04F79EFBC}") = "SaveLibrary", "SaveLibrary\SaveLibrary.csproj", "{F3DEEFED-FEAB-4F07-9E17-3954A81E6CC8}"
EndProject
Global
	GlobalSection(SolutionConfigurationPlatforms) = preSolution
		Debug|Any CPU = Debug|Any CPU
		Release|Any CPU = Release|Any CPU
	EndGlobalSection
	GlobalSection(ProjectConfigurationPlatforms) = postSolution
		{29AC6B28-E2C5-4FC3-86D4-BF70D4BC6020}.Debug|Any CPU.ActiveCfg = Debug|Any CPU
		{29AC6B28-E2C5-4FC3-86D4-BF70D4BC6020}.Debug|Any CPU.Build.0 = Debug|Any CPU
		{29AC6B28-E2C5-4FC3-86D4-BF70D4BC6020}.Release|Any CPU.ActiveCfg = Release|Any CPU
		{29AC6B28-E2C5-4FC3-86D4-BF70D4BC6020}.Release|Any CPU.Build.0 = Release|Any CPU
		{F3DEEFED-FEAB-4F07-9E17-3954A81E6CC8}.Debug|Any CPU.ActiveCfg = Debug|Any CPU
		{F3DEEFED-FEAB-4F07-9E17-3954A81E6CC8}.Debug|Any CPU.Build.0 = Debug|Any CPU
		{F3DEEFED-FEAB-4F07-9E17-3954A81E6CC8}.Release|Any CPU.ActiveCfg = Release|Any CPU
		{F3DEEFED-FEAB-4F07-9E17-3954A81E6CC8}.Release|Any CPU.Build.0 = Release|Any CPU
	EndGlobalSection
	GlobalSection(SolutionProperties) = preSolution
		HideSolutionNode = FALSE
	EndGlobalSection
	GlobalSection(ExtensibilityGlobals) = postSolution
		SolutionGuid = {A888C730-15B2-41EF-BE59-C562A295441B}
	EndGlobalSection
EndGlobal
